// !$*UTF8*$!
{
	archiveVersion = 1;
	classes = {
	};
	objectVersion = 77;
	objects = {

/* Begin PBXContainerItemProxy section */
		976633212D0F5D030027090F /* PBXContainerItemProxy */ = {
			isa = PBXContainerItemProxy;
			containerPortal = 976633022D0F5D010027090F /* Project object */;
			proxyType = 1;
			remoteGlobalIDString = 976633092D0F5D010027090F;
			remoteInfo = XcodeSource;
		};
		9766332B2D0F5D030027090F /* PBXContainerItemProxy */ = {
			isa = PBXContainerItemProxy;
			containerPortal = 976633022D0F5D010027090F /* Project object */;
			proxyType = 1;
			remoteGlobalIDString = 976633092D0F5D010027090F;
			remoteInfo = XcodeSource;
		};
/* End PBXContainerItemProxy section */

/* Begin PBXFileReference section */
		9766330A2D0F5D010027090F /* XcodeSource.app */ = {isa = PBXFileReference; explicitFileType = wrapper.application; includeInIndex = 0; path = XcodeSource.app; sourceTree = BUILT_PRODUCTS_DIR; };
		976633202D0F5D030027090F /* XcodeSourceTests.xctest */ = {isa = PBXFileReference; explicitFileType = wrapper.cfbundle; includeInIndex = 0; path = XcodeSourceTests.xctest; sourceTree = BUILT_PRODUCTS_DIR; };
		9766332A2D0F5D030027090F /* XcodeSourceUITests.xctest */ = {isa = PBXFileReference; explicitFileType = wrapper.cfbundle; includeInIndex = 0; path = XcodeSourceUITests.xctest; sourceTree = BUILT_PRODUCTS_DIR; };
/* End PBXFileReference section */

/* Begin PBXFileSystemSynchronizedBuildFileExceptionSet section */
		976633322D0F5D030027090F /* Exceptions for "XcodeSource" folder in "XcodeSource" target */ = {
			isa = PBXFileSystemSynchronizedBuildFileExceptionSet;
			membershipExceptions = (
				Info.plist,
			);
			target = 976633092D0F5D010027090F /* XcodeSource */;
		};
/* End PBXFileSystemSynchronizedBuildFileExceptionSet section */

/* Begin PBXFileSystemSynchronizedRootGroup section */
		9766330C2D0F5D010027090F /* XcodeSource */ = {
			isa = PBXFileSystemSynchronizedRootGroup;
			exceptions = (
				976633322D0F5D030027090F /* Exceptions for "XcodeSource" folder in "XcodeSource" target */,
			);
			path = XcodeSource;
			sourceTree = "<group>";
		};
		976633232D0F5D030027090F /* XcodeSourceTests */ = {
			isa = PBXFileSystemSynchronizedRootGroup;
			path = XcodeSourceTests;
			sourceTree = "<group>";
		};
		9766332D2D0F5D030027090F /* XcodeSourceUITests */ = {
			isa = PBXFileSystemSynchronizedRootGroup;
			path = XcodeSourceUITests;
			sourceTree = "<group>";
		};
/* End PBXFileSystemSynchronizedRootGroup section */

/* Begin PBXFrameworksBuildPhase section */
		976633072D0F5D010027090F /* Frameworks */ = {
			isa = PBXFrameworksBuildPhase;
			buildActionMask = 2147483647;
			files = (
			);
			runOnlyForDeploymentPostprocessing = 0;
		};
		9766331D2D0F5D030027090F /* Frameworks */ = {
			isa = PBXFrameworksBuildPhase;
			buildActionMask = 2147483647;
			files = (
			);
			runOnlyForDeploymentPostprocessing = 0;
		};
		976633272D0F5D030027090F /* Frameworks */ = {
			isa = PBXFrameworksBuildPhase;
			buildActionMask = 2147483647;
			files = (
			);
			runOnlyForDeploymentPostprocessing = 0;
		};
/* End PBXFrameworksBuildPhase section */

/* Begin PBXGroup section */
		976633012D0F5D010027090F = {
			isa = PBXGroup;
			children = (
				9766330C2D0F5D010027090F /* XcodeSource */,
				976633232D0F5D030027090F /* XcodeSourceTests */,
				9766332D2D0F5D030027090F /* XcodeSourceUITests */,
				9766330B2D0F5D010027090F /* Products */,
			);
			sourceTree = "<group>";
		};
		9766330B2D0F5D010027090F /* Products */ = {
			isa = PBXGroup;
			children = (
				9766330A2D0F5D010027090F /* XcodeSource.app */,
				976633202D0F5D030027090F /* XcodeSourceTests.xctest */,
				9766332A2D0F5D030027090F /* XcodeSourceUITests.xctest */,
			);
			name = Products;
			sourceTree = "<group>";
		};
/* End PBXGroup section */

/* Begin PBXNativeTarget section */
		976633092D0F5D010027090F /* XcodeSource */ = {
			isa = PBXNativeTarget;
			buildConfigurationList = 976633332D0F5D030027090F /* Build configuration list for PBXNativeTarget "XcodeSource" */;
			buildPhases = (
				976633062D0F5D010027090F /* Sources */,
				976633072D0F5D010027090F /* Frameworks */,
				976633082D0F5D010027090F /* Resources */,
			);
			buildRules = (
			);
			dependencies = (
			);
			fileSystemSynchronizedGroups = (
				9766330C2D0F5D010027090F /* XcodeSource */,
			);
			name = XcodeSource;
			packageProductDependencies = (
			);
			productName = XcodeSource;
			productReference = 9766330A2D0F5D010027090F /* XcodeSource.app */;
			productType = "com.apple.product-type.application";
		};
		9766331F2D0F5D030027090F /* XcodeSourceTests */ = {
			isa = PBXNativeTarget;
			buildConfigurationList = 976633382D0F5D030027090F /* Build configuration list for PBXNativeTarget "XcodeSourceTests" */;
			buildPhases = (
				9766331C2D0F5D030027090F /* Sources */,
				9766331D2D0F5D030027090F /* Frameworks */,
				9766331E2D0F5D030027090F /* Resources */,
			);
			buildRules = (
			);
			dependencies = (
				976633222D0F5D030027090F /* PBXTargetDependency */,
			);
			fileSystemSynchronizedGroups = (
				976633232D0F5D030027090F /* XcodeSourceTests */,
			);
			name = XcodeSourceTests;
			packageProductDependencies = (
			);
			productName = XcodeSourceTests;
			productReference = 976633202D0F5D030027090F /* XcodeSourceTests.xctest */;
			productType = "com.apple.product-type.bundle.unit-test";
		};
		976633292D0F5D030027090F /* XcodeSourceUITests */ = {
			isa = PBXNativeTarget;
			buildConfigurationList = 9766333B2D0F5D030027090F /* Build configuration list for PBXNativeTarget "XcodeSourceUITests" */;
			buildPhases = (
				976633262D0F5D030027090F /* Sources */,
				976633272D0F5D030027090F /* Frameworks */,
				976633282D0F5D030027090F /* Resources */,
			);
			buildRules = (
			);
			dependencies = (
				9766332C2D0F5D030027090F /* PBXTargetDependency */,
			);
			fileSystemSynchronizedGroups = (
				9766332D2D0F5D030027090F /* XcodeSourceUITests */,
			);
			name = XcodeSourceUITests;
			packageProductDependencies = (
			);
			productName = XcodeSourceUITests;
			productReference = 9766332A2D0F5D030027090F /* XcodeSourceUITests.xctest */;
			productType = "com.apple.product-type.bundle.ui-testing";
		};
/* End PBXNativeTarget section */

/* Begin PBXProject section */
		976633022D0F5D010027090F /* Project object */ = {
			isa = PBXProject;
			attributes = {
				BuildIndependentTargetsInParallel = 1;
				LastSwiftUpdateCheck = 1620;
				LastUpgradeCheck = 1620;
				TargetAttributes = {
					976633092D0F5D010027090F = {
						CreatedOnToolsVersion = 16.2;
					};
					9766331F2D0F5D030027090F = {
						CreatedOnToolsVersion = 16.2;
						TestTargetID = 976633092D0F5D010027090F;
					};
					976633292D0F5D030027090F = {
						CreatedOnToolsVersion = 16.2;
						TestTargetID = 976633092D0F5D010027090F;
					};
				};
			};
			buildConfigurationList = 976633052D0F5D010027090F /* Build configuration list for PBXProject "XcodeSource" */;
			developmentRegion = en;
			hasScannedForEncodings = 0;
			knownRegions = (
				en,
				Base,
			);
			mainGroup = 976633012D0F5D010027090F;
			minimizedProjectReferenceProxies = 1;
			preferredProjectObjectVersion = 77;
			productRefGroup = 9766330B2D0F5D010027090F /* Products */;
			projectDirPath = "";
			projectRoot = "";
			targets = (
				976633092D0F5D010027090F /* XcodeSource */,
				9766331F2D0F5D030027090F /* XcodeSourceTests */,
				976633292D0F5D030027090F /* XcodeSourceUITests */,
			);
		};
/* End PBXProject section */

/* Begin PBXResourcesBuildPhase section */
		976633082D0F5D010027090F /* Resources */ = {
			isa = PBXResourcesBuildPhase;
			buildActionMask = 2147483647;
			files = (
			);
			runOnlyForDeploymentPostprocessing = 0;
		};
		9766331E2D0F5D030027090F /* Resources */ = {
			isa = PBXResourcesBuildPhase;
			buildActionMask = 2147483647;
			files = (
			);
			runOnlyForDeploymentPostprocessing = 0;
		};
		976633282D0F5D030027090F /* Resources */ = {
			isa = PBXResourcesBuildPhase;
			buildActionMask = 2147483647;
			files = (
			);
			runOnlyForDeploymentPostprocessing = 0;
		};
/* End PBXResourcesBuildPhase section */

/* Begin PBXSourcesBuildPhase section */
		976633062D0F5D010027090F /* Sources */ = {
			isa = PBXSourcesBuildPhase;
			buildActionMask = 2147483647;
			files = (
			);
			runOnlyForDeploymentPostprocessing = 0;
		};
		9766331C2D0F5D030027090F /* Sources */ = {
			isa = PBXSourcesBuildPhase;
			buildActionMask = 2147483647;
			files = (
			);
			runOnlyForDeploymentPostprocessing = 0;
		};
		976633262D0F5D030027090F /* Sources */ = {
			isa = PBXSourcesBuildPhase;
			buildActionMask = 2147483647;
			files = (
			);
			runOnlyForDeploymentPostprocessing = 0;
		};
/* End PBXSourcesBuildPhase section */

/* Begin PBXTargetDependency section */
		976633222D0F5D030027090F /* PBXTargetDependency */ = {
			isa = PBXTargetDependency;
			target = 976633092D0F5D010027090F /* XcodeSource */;
			targetProxy = 976633212D0F5D030027090F /* PBXContainerItemProxy */;
		};
		9766332C2D0F5D030027090F /* PBXTargetDependency */ = {
			isa = PBXTargetDependency;
			target = 976633092D0F5D010027090F /* XcodeSource */;
			targetProxy = 9766332B2D0F5D030027090F /* PBXContainerItemProxy */;
		};
/* End PBXTargetDependency section */

/* Begin XCBuildConfiguration section */
		976633342D0F5D030027090F /* Debug */ = {
			isa = XCBuildConfiguration;
			buildSettings = {
				ASSETCATALOG_COMPILER_APPICON_NAME = AppIcon;
				ASSETCATALOG_COMPILER_GLOBAL_ACCENT_COLOR_NAME = AccentColor;
				CODE_SIGN_STYLE = Automatic;
				CURRENT_PROJECT_VERSION = 1;
				DEVELOPMENT_TEAM = 5LXT3EPKPG;
				GENERATE_INFOPLIST_FILE = YES;
				INFOPLIST_FILE = XcodeSource/Info.plist;
				INFOPLIST_KEY_UIApplicationSupportsIndirectInputEvents = YES;
				INFOPLIST_KEY_UILaunchStoryboardName = LaunchScreen;
				INFOPLIST_KEY_UIMainStoryboardFile = Main;
				INFOPLIST_KEY_UISupportedInterfaceOrientations_iPad = "UIInterfaceOrientationPortrait UIInterfaceOrientationPortraitUpsideDown UIInterfaceOrientationLandscapeLeft UIInterfaceOrientationLandscapeRight";
				INFOPLIST_KEY_UISupportedInterfaceOrientations_iPhone = "UIInterfaceOrientationPortrait UIInterfaceOrientationLandscapeLeft UIInterfaceOrientationLandscapeRight";
				LD_RUNPATH_SEARCH_PATHS = (
					"$(inherited)",
					"@executable_path/Frameworks",
				);
				MARKETING_VERSION = 1.0;
				PRODUCT_BUNDLE_IDENTIFIER = vladsCode194.XcodeSource;
				PRODUCT_NAME = "$(TARGET_NAME)";
				SWIFT_EMIT_LOC_STRINGS = YES;
				SWIFT_VERSION = 5.0;
				TARGETED_DEVICE_FAMILY = "1,2";
			};
			name = Debug;
		};
		976633352D0F5D030027090F /* Release */ = {
			isa = XCBuildConfiguration;
			buildSettings = {
				ASSETCATALOG_COMPILER_APPICON_NAME = AppIcon;
				ASSETCATALOG_COMPILER_GLOBAL_ACCENT_COLOR_NAME = AccentColor;
				CODE_SIGN_STYLE = Automatic;
				CURRENT_PROJECT_VERSION = 1;
				DEVELOPMENT_TEAM = 5LXT3EPKPG;
				GENERATE_INFOPLIST_FILE = YES;
				INFOPLIST_FILE = XcodeSource/Info.plist;
				INFOPLIST_KEY_UIApplicationSupportsIndirectInputEvents = YES;
				INFOPLIST_KEY_UILaunchStoryboardName = LaunchScreen;
				INFOPLIST_KEY_UIMainStoryboardFile = Main;
				INFOPLIST_KEY_UISupportedInterfaceOrientations_iPad = "UIInterfaceOrientationPortrait UIInterfaceOrientationPortraitUpsideDown UIInterfaceOrientationLandscapeLeft UIInterfaceOrientationLandscapeRight";
				INFOPLIST_KEY_UISupportedInterfaceOrientations_iPhone = "UIInterfaceOrientationPortrait UIInterfaceOrientationLandscapeLeft UIInterfaceOrientationLandscapeRight";
				LD_RUNPATH_SEARCH_PATHS = (
					"$(inherited)",
					"@executable_path/Frameworks",
				);
				MARKETING_VERSION = 1.0;
				PRODUCT_BUNDLE_IDENTIFIER = vladsCode194.XcodeSource;
				PRODUCT_NAME = "$(TARGET_NAME)";
				SWIFT_EMIT_LOC_STRINGS = YES;
				SWIFT_VERSION = 5.0;
				TARGETED_DEVICE_FAMILY = "1,2";
			};
			name = Release;
		};
		976633362D0F5D030027090F /* Debug */ = {
			isa = XCBuildConfiguration;
			buildSettings = {
				ALWAYS_SEARCH_USER_PATHS = NO;
				ASSETCATALOG_COMPILER_GENERATE_SWIFT_ASSET_SYMBOL_EXTENSIONS = YES;
				CLANG_ANALYZER_NONNULL = YES;
				CLANG_ANALYZER_NUMBER_OBJECT_CONVERSION = YES_AGGRESSIVE;
				CLANG_CXX_LANGUAGE_STANDARD = "gnu++20";
				CLANG_ENABLE_MODULES = YES;
				CLANG_ENABLE_OBJC_ARC = YES;
				CLANG_ENABLE_OBJC_WEAK = YES;
				CLANG_WARN_BLOCK_CAPTURE_AUTORELEASING = YES;
				CLANG_WARN_BOOL_CONVERSION = YES;
				CLANG_WARN_COMMA = YES;
				CLANG_WARN_CONSTANT_CONVERSION = YES;
				CLANG_WARN_DEPRECATED_OBJC_IMPLEMENTATIONS = YES;
				CLANG_WARN_DIRECT_OBJC_ISA_USAGE = YES_ERROR;
				CLANG_WARN_DOCUMENTATION_COMMENTS = YES;
				CLANG_WARN_EMPTY_BODY = YES;
				CLANG_WARN_ENUM_CONVERSION = YES;
				CLANG_WARN_INFINITE_RECURSION = YES;
				CLANG_WARN_INT_CONVERSION = YES;
				CLANG_WARN_NON_LITERAL_NULL_CONVERSION = YES;
				CLANG_WARN_OBJC_IMPLICIT_RETAIN_SELF = YES;
				CLANG_WARN_OBJC_LITERAL_CONVERSION = YES;
				CLANG_WARN_OBJC_ROOT_CLASS = YES_ERROR;
				CLANG_WARN_QUOTED_INCLUDE_IN_FRAMEWORK_HEADER = YES;
				CLANG_WARN_RANGE_LOOP_ANALYSIS = YES;
				CLANG_WARN_STRICT_PROTOTYPES = YES;
				CLANG_WARN_SUSPICIOUS_MOVE = YES;
				CLANG_WARN_UNGUARDED_AVAILABILITY = YES_AGGRESSIVE;
				CLANG_WARN_UNREACHABLE_CODE = YES;
				CLANG_WARN__DUPLICATE_METHOD_MATCH = YES;
				COPY_PHASE_STRIP = NO;
				DEBUG_INFORMATION_FORMAT = dwarf;
				ENABLE_STRICT_OBJC_MSGSEND = YES;
				ENABLE_TESTABILITY = YES;
				ENABLE_USER_SCRIPT_SANDBOXING = YES;
				GCC_C_LANGUAGE_STANDARD = gnu17;
				GCC_DYNAMIC_NO_PIC = NO;
				GCC_NO_COMMON_BLOCKS = YES;
				GCC_OPTIMIZATION_LEVEL = 0;
				GCC_PREPROCESSOR_DEFINITIONS = (
					"DEBUG=1",
					"$(inherited)",
				);
				GCC_WARN_64_TO_32_BIT_CONVERSION = YES;
				GCC_WARN_ABOUT_RETURN_TYPE = YES_ERROR;
				GCC_WARN_UNDECLARED_SELECTOR = YES;
				GCC_WARN_UNINITIALIZED_AUTOS = YES_AGGRESSIVE;
				GCC_WARN_UNUSED_FUNCTION = YES;
				GCC_WARN_UNUSED_VARIABLE = YES;
				IPHONEOS_DEPLOYMENT_TARGET = 18.2;
				LOCALIZATION_PREFERS_STRING_CATALOGS = YES;
				MTL_ENABLE_DEBUG_INFO = INCLUDE_SOURCE;
				MTL_FAST_MATH = YES;
				ONLY_ACTIVE_ARCH = YES;
				SDKROOT = iphoneos;
				SWIFT_ACTIVE_COMPILATION_CONDITIONS = "DEBUG $(inherited)";
				SWIFT_OPTIMIZATION_LEVEL = "-Onone";
			};
			name = Debug;
		};
		976633372D0F5D030027090F /* Release */ = {
			isa = XCBuildConfiguration;
			buildSettings = {
				ALWAYS_SEARCH_USER_PATHS = NO;
				ASSETCATALOG_COMPILER_GENERATE_SWIFT_ASSET_SYMBOL_EXTENSIONS = YES;
				CLANG_ANALYZER_NONNULL = YES;
				CLANG_ANALYZER_NUMBER_OBJECT_CONVERSION = YES_AGGRESSIVE;
				CLANG_CXX_LANGUAGE_STANDARD = "gnu++20";
				CLANG_ENABLE_MODULES = YES;
				CLANG_ENABLE_OBJC_ARC = YES;
				CLANG_ENABLE_OBJC_WEAK = YES;
				CLANG_WARN_BLOCK_CAPTURE_AUTORELEASING = YES;
				CLANG_WARN_BOOL_CONVERSION = YES;
				CLANG_WARN_COMMA = YES;
				CLANG_WARN_CONSTANT_CONVERSION = YES;
				CLANG_WARN_DEPRECATED_OBJC_IMPLEMENTATIONS = YES;
				CLANG_WARN_DIRECT_OBJC_ISA_USAGE = YES_ERROR;
				CLANG_WARN_DOCUMENTATION_COMMENTS = YES;
				CLANG_WARN_EMPTY_BODY = YES;
				CLANG_WARN_ENUM_CONVERSION = YES;
				CLANG_WARN_INFINITE_RECURSION = YES;
				CLANG_WARN_INT_CONVERSION = YES;
				CLANG_WARN_NON_LITERAL_NULL_CONVERSION = YES;
				CLANG_WARN_OBJC_IMPLICIT_RETAIN_SELF = YES;
				CLANG_WARN_OBJC_LITERAL_CONVERSION = YES;
				CLANG_WARN_OBJC_ROOT_CLASS = YES_ERROR;
				CLANG_WARN_QUOTED_INCLUDE_IN_FRAMEWORK_HEADER = YES;
				CLANG_WARN_RANGE_LOOP_ANALYSIS = YES;
				CLANG_WARN_STRICT_PROTOTYPES = YES;
				CLANG_WARN_SUSPICIOUS_MOVE = YES;
				CLANG_WARN_UNGUARDED_AVAILABILITY = YES_AGGRESSIVE;
				CLANG_WARN_UNREACHABLE_CODE = YES;
				CLANG_WARN__DUPLICATE_METHOD_MATCH = YES;
				COPY_PHASE_STRIP = NO;
				DEBUG_INFORMATION_FORMAT = "dwarf-with-dsym";
				ENABLE_NS_ASSERTIONS = NO;
				ENABLE_STRICT_OBJC_MSGSEND = YES;
				ENABLE_USER_SCRIPT_SANDBOXING = YES;
				GCC_C_LANGUAGE_STANDARD = gnu17;
				GCC_NO_COMMON_BLOCKS = YES;
				GCC_WARN_64_TO_32_BIT_CONVERSION = YES;
				GCC_WARN_ABOUT_RETURN_TYPE = YES_ERROR;
				GCC_WARN_UNDECLARED_SELECTOR = YES;
				GCC_WARN_UNINITIALIZED_AUTOS = YES_AGGRESSIVE;
				GCC_WARN_UNUSED_FUNCTION = YES;
				GCC_WARN_UNUSED_VARIABLE = YES;
				IPHONEOS_DEPLOYMENT_TARGET = 18.2;
				LOCALIZATION_PREFERS_STRING_CATALOGS = YES;
				MTL_ENABLE_DEBUG_INFO = NO;
				MTL_FAST_MATH = YES;
				SDKROOT = iphoneos;
				SWIFT_COMPILATION_MODE = wholemodule;
				VALIDATE_PRODUCT = YES;
			};
			name = Release;
		};
		976633392D0F5D030027090F /* Debug */ = {
			isa = XCBuildConfiguration;
			buildSettings = {
				BUNDLE_LOADER = "$(TEST_HOST)";
				CODE_SIGN_STYLE = Automatic;
				CURRENT_PROJECT_VERSION = 1;
				DEVELOPMENT_TEAM = 5LXT3EPKPG;
				GENERATE_INFOPLIST_FILE = YES;
				IPHONEOS_DEPLOYMENT_TARGET = 18.2;
				MARKETING_VERSION = 1.0;
				PRODUCT_BUNDLE_IDENTIFIER = vladsCode194.XcodeSourceTests;
				PRODUCT_NAME = "$(TARGET_NAME)";
				SWIFT_EMIT_LOC_STRINGS = NO;
				SWIFT_VERSION = 5.0;
				TARGETED_DEVICE_FAMILY = "1,2";
				TEST_HOST = "$(BUILT_PRODUCTS_DIR)/XcodeSource.app/$(BUNDLE_EXECUTABLE_FOLDER_PATH)/XcodeSource";
			};
			name = Debug;
		};
		9766333A2D0F5D030027090F /* Release */ = {
			isa = XCBuildConfiguration;
			buildSettings = {
				BUNDLE_LOADER = "$(TEST_HOST)";
				CODE_SIGN_STYLE = Automatic;
				CURRENT_PROJECT_VERSION = 1;
				DEVELOPMENT_TEAM = 5LXT3EPKPG;
				GENERATE_INFOPLIST_FILE = YES;
				IPHONEOS_DEPLOYMENT_TARGET = 18.2;
				MARKETING_VERSION = 1.0;
				PRODUCT_BUNDLE_IDENTIFIER = vladsCode194.XcodeSourceTests;
				PRODUCT_NAME = "$(TARGET_NAME)";
				SWIFT_EMIT_LOC_STRINGS = NO;
				SWIFT_VERSION = 5.0;
				TARGETED_DEVICE_FAMILY = "1,2";
				TEST_HOST = "$(BUILT_PRODUCTS_DIR)/XcodeSource.app/$(BUNDLE_EXECUTABLE_FOLDER_PATH)/XcodeSource";
			};
			name = Release;
		};
		9766333C2D0F5D030027090F /* Debug */ = {
			isa = XCBuildConfiguration;
			buildSettings = {
				CODE_SIGN_STYLE = Automatic;
				CURRENT_PROJECT_VERSION = 1;
				DEVELOPMENT_TEAM = 5LXT3EPKPG;
				GENERATE_INFOPLIST_FILE = YES;
				MARKETING_VERSION = 1.0;
				PRODUCT_BUNDLE_IDENTIFIER = vladsCode194.XcodeSourceUITests;
				PRODUCT_NAME = "$(TARGET_NAME)";
				SWIFT_EMIT_LOC_STRINGS = NO;
				SWIFT_VERSION = 5.0;
				TARGETED_DEVICE_FAMILY = "1,2";
				TEST_TARGET_NAME = XcodeSource;
			};
			name = Debug;
		};
		9766333D2D0F5D030027090F /* Release */ = {
			isa = XCBuildConfiguration;
			buildSettings = {
				CODE_SIGN_STYLE = Automatic;
				CURRENT_PROJECT_VERSION = 1;
				DEVELOPMENT_TEAM = 5LXT3EPKPG;
				GENERATE_INFOPLIST_FILE = YES;
				MARKETING_VERSION = 1.0;
				PRODUCT_BUNDLE_IDENTIFIER = vladsCode194.XcodeSourceUITests;
				PRODUCT_NAME = "$(TARGET_NAME)";
				SWIFT_EMIT_LOC_STRINGS = NO;
				SWIFT_VERSION = 5.0;
				TARGETED_DEVICE_FAMILY = "1,2";
				TEST_TARGET_NAME = XcodeSource;
			};
			name = Release;
		};
/* End XCBuildConfiguration section */

/* Begin XCConfigurationList section */
		976633052D0F5D010027090F /* Build configuration list for PBXProject "XcodeSource" */ = {
			isa = XCConfigurationList;
			buildConfigurations = (
				976633362D0F5D030027090F /* Debug */,
				976633372D0F5D030027090F /* Release */,
			);
			defaultConfigurationIsVisible = 0;
			defaultConfigurationName = Release;
		};
		976633332D0F5D030027090F /* Build configuration list for PBXNativeTarget "XcodeSource" */ = {
			isa = XCConfigurationList;
			buildConfigurations = (
				976633342D0F5D030027090F /* Debug */,
				976633352D0F5D030027090F /* Release */,
			);
			defaultConfigurationIsVisible = 0;
			defaultConfigurationName = Release;
		};
		976633382D0F5D030027090F /* Build configuration list for PBXNativeTarget "XcodeSourceTests" */ = {
			isa = XCConfigurationList;
			buildConfigurations = (
				976633392D0F5D030027090F /* Debug */,
				9766333A2D0F5D030027090F /* Release */,
			);
			defaultConfigurationIsVisible = 0;
			defaultConfigurationName = Release;
		};
		9766333B2D0F5D030027090F /* Build configuration list for PBXNativeTarget "XcodeSourceUITests" */ = {
			isa = XCConfigurationList;
			buildConfigurations = (
				9766333C2D0F5D030027090F /* Debug */,
				9766333D2D0F5D030027090F /* Release */,
			);
			defaultConfigurationIsVisible = 0;
			defaultConfigurationName = Release;
		};
/* End XCConfigurationList section */
	};
	rootObject = 976633022D0F5D010027090F /* Project object */;
}
